Microsoft Visual Studio Solution File, Format Version 11.00
# Visual Studio 2010
Project("{8BC9CEB8-8B4A-11D0-8D11-00A0C91BC942}") = "prep", "appweb-windows-default\prep.vcxproj", "{338D922D-6CBD-4BAC-BAD9-0F809BC1D155}"
	ProjectSection(ProjectDependencies) = postProject
		{338D922D-6CBD-4BAC-BAD9-0F809BC1D155} = {338D922D-6CBD-4BAC-BAD9-0F809BC1D155}
	EndProjectSection
EndProject
Project("{8BC9CEB8-8B4A-11D0-8D11-00A0C91BC942}") = "libmpr", "appweb-windows-default\libmpr.vcxproj", "{271C92A3-7E25-4646-B831-8E978A600539}"
	ProjectSection(ProjectDependencies) = postProject
		{338D922D-6CBD-4BAC-BAD9-0F809BC1D155} = {338D922D-6CBD-4BAC-BAD9-0F809BC1D155}
	EndProjectSection
	ProjectSection(ProjectDependencies) = postProject
		{CA2C70EA-90DD-422A-BBE9-F99122A6F1E9} = {CA2C70EA-90DD-422A-BBE9-F99122A6F1E9}
	EndProjectSection
	ProjectSection(ProjectDependencies) = postProject
		{FE00ACA2-161C-4CCB-82C4-079B5C27541D} = {FE00ACA2-161C-4CCB-82C4-079B5C27541D}
	EndProjectSection
	ProjectSection(ProjectDependencies) = postProject
		{271C92A3-7E25-4646-B831-8E978A600539} = {271C92A3-7E25-4646-B831-8E978A600539}
	EndProjectSection
EndProject
Project("{8BC9CEB8-8B4A-11D0-8D11-00A0C91BC942}") = "libpcre", "appweb-windows-default\libpcre.vcxproj", "{67E595A3-842E-4CDF-972F-19B68C0AB828}"
	ProjectSection(ProjectDependencies) = postProject
		{338D922D-6CBD-4BAC-BAD9-0F809BC1D155} = {338D922D-6CBD-4BAC-BAD9-0F809BC1D155}
	EndProjectSection
	ProjectSection(ProjectDependencies) = postProject
		{67E595A3-842E-4CDF-972F-19B68C0AB828} = {67E595A3-842E-4CDF-972F-19B68C0AB828}
	EndProjectSection
EndProject
Project("{8BC9CEB8-8B4A-11D0-8D11-00A0C91BC942}") = "libhttp", "appweb-windows-default\libhttp.vcxproj", "{33E412DB-3E03-450E-83ED-FFF12AAEA1BF}"
	ProjectSection(ProjectDependencies) = postProject
		{338D922D-6CBD-4BAC-BAD9-0F809BC1D155} = {338D922D-6CBD-4BAC-BAD9-0F809BC1D155}
	EndProjectSection
	ProjectSection(ProjectDependencies) = postProject
		{CA2C70EA-90DD-422A-BBE9-F99122A6F1E9} = {CA2C70EA-90DD-422A-BBE9-F99122A6F1E9}
	EndProjectSection
	ProjectSection(ProjectDependencies) = postProject
		{FE00ACA2-161C-4CCB-82C4-079B5C27541D} = {FE00ACA2-161C-4CCB-82C4-079B5C27541D}
	EndProjectSection
	ProjectSection(ProjectDependencies) = postProject
		{271C92A3-7E25-4646-B831-8E978A600539} = {271C92A3-7E25-4646-B831-8E978A600539}
	EndProjectSection
	ProjectSection(ProjectDependencies) = postProject
		{67E595A3-842E-4CDF-972F-19B68C0AB828} = {67E595A3-842E-4CDF-972F-19B68C0AB828}
	EndProjectSection
	ProjectSection(ProjectDependencies) = postProject
		{33E412DB-3E03-450E-83ED-FFF12AAEA1BF} = {33E412DB-3E03-450E-83ED-FFF12AAEA1BF}
	EndProjectSection
EndProject
Project("{8BC9CEB8-8B4A-11D0-8D11-00A0C91BC942}") = "libmpr-version", "appweb-windows-default\libmpr-version.vcxproj", "{4FCC371D-6AB5-431D-9B04-CF747094D62C}"
	ProjectSection(ProjectDependencies) = postProject
		{338D922D-6CBD-4BAC-BAD9-0F809BC1D155} = {338D922D-6CBD-4BAC-BAD9-0F809BC1D155}
	EndProjectSection
	ProjectSection(ProjectDependencies) = postProject
		{4FCC371D-6AB5-431D-9B04-CF747094D62C} = {4FCC371D-6AB5-431D-9B04-CF747094D62C}
	EndProjectSection
EndProject
Project("{8BC9CEB8-8B4A-11D0-8D11-00A0C91BC942}") = "libesp", "appweb-windows-default\libesp.vcxproj", "{58DCA591-362A-4A93-A151-7F10AABA090A}"
	ProjectSection(ProjectDependencies) = postProject
		{338D922D-6CBD-4BAC-BAD9-0F809BC1D155} = {338D922D-6CBD-4BAC-BAD9-0F809BC1D155}
	EndProjectSection
	ProjectSection(ProjectDependencies) = postProject
		{CA2C70EA-90DD-422A-BBE9-F99122A6F1E9} = {CA2C70EA-90DD-422A-BBE9-F99122A6F1E9}
	EndProjectSection
	ProjectSection(ProjectDependencies) = postProject
		{FE00ACA2-161C-4CCB-82C4-079B5C27541D} = {FE00ACA2-161C-4CCB-82C4-079B5C27541D}
	EndProjectSection
	ProjectSection(ProjectDependencies) = postProject
		{271C92A3-7E25-4646-B831-8E978A600539} = {271C92A3-7E25-4646-B831-8E978A600539}
	EndProjectSection
	ProjectSection(ProjectDependencies) = postProject
		{67E595A3-842E-4CDF-972F-19B68C0AB828} = {67E595A3-842E-4CDF-972F-19B68C0AB828}
	EndProjectSection
	ProjectSection(ProjectDependencies) = postProject
		{33E412DB-3E03-450E-83ED-FFF12AAEA1BF} = {33E412DB-3E03-450E-83ED-FFF12AAEA1BF}
	EndProjectSection
	ProjectSection(ProjectDependencies) = postProject
		{4FCC371D-6AB5-431D-9B04-CF747094D62C} = {4FCC371D-6AB5-431D-9B04-CF747094D62C}
	EndProjectSection
	ProjectSection(ProjectDependencies) = postProject
		{58DCA591-362A-4A93-A151-7F10AABA090A} = {58DCA591-362A-4A93-A151-7F10AABA090A}
	EndProjectSection
EndProject
Project("{8BC9CEB8-8B4A-11D0-8D11-00A0C91BC942}") = "libappweb", "appweb-windows-default\libappweb.vcxproj", "{1D8FF8CA-EE04-4633-8EFC-A6B9BA03DDE7}"
	ProjectSection(ProjectDependencies) = postProject
		{338D922D-6CBD-4BAC-BAD9-0F809BC1D155} = {338D922D-6CBD-4BAC-BAD9-0F809BC1D155}
	EndProjectSection
	ProjectSection(ProjectDependencies) = postProject
		{CA2C70EA-90DD-422A-BBE9-F99122A6F1E9} = {CA2C70EA-90DD-422A-BBE9-F99122A6F1E9}
	EndProjectSection
	ProjectSection(ProjectDependencies) = postProject
		{FE00ACA2-161C-4CCB-82C4-079B5C27541D} = {FE00ACA2-161C-4CCB-82C4-079B5C27541D}
	EndProjectSection
	ProjectSection(ProjectDependencies) = postProject
		{271C92A3-7E25-4646-B831-8E978A600539} = {271C92A3-7E25-4646-B831-8E978A600539}
	EndProjectSection
	ProjectSection(ProjectDependencies) = postProject
		{67E595A3-842E-4CDF-972F-19B68C0AB828} = {67E595A3-842E-4CDF-972F-19B68C0AB828}
	EndProjectSection
	ProjectSection(ProjectDependencies) = postProject
		{33E412DB-3E03-450E-83ED-FFF12AAEA1BF} = {33E412DB-3E03-450E-83ED-FFF12AAEA1BF}
	EndProjectSection
	ProjectSection(ProjectDependencies) = postProject
		{4FCC371D-6AB5-431D-9B04-CF747094D62C} = {4FCC371D-6AB5-431D-9B04-CF747094D62C}
	EndProjectSection
	ProjectSection(ProjectDependencies) = postProject
		{58DCA591-362A-4A93-A151-7F10AABA090A} = {58DCA591-362A-4A93-A151-7F10AABA090A}
	EndProjectSection
	ProjectSection(ProjectDependencies) = postProject
		{1D8FF8CA-EE04-4633-8EFC-A6B9BA03DDE7} = {1D8FF8CA-EE04-4633-8EFC-A6B9BA03DDE7}
	EndProjectSection
EndProject
Project("{8BC9CEB8-8B4A-11D0-8D11-00A0C91BC942}") = "appweb", "appweb-windows-default\appweb.vcxproj", "{5A6B2D79-9626-41A6-9F4A-058F14D4B8DA}"
	ProjectSection(ProjectDependencies) = postProject
		{338D922D-6CBD-4BAC-BAD9-0F809BC1D155} = {338D922D-6CBD-4BAC-BAD9-0F809BC1D155}
	EndProjectSection
	ProjectSection(ProjectDependencies) = postProject
		{CA2C70EA-90DD-422A-BBE9-F99122A6F1E9} = {CA2C70EA-90DD-422A-BBE9-F99122A6F1E9}
	EndProjectSection
	ProjectSection(ProjectDependencies) = postProject
		{FE00ACA2-161C-4CCB-82C4-079B5C27541D} = {FE00ACA2-161C-4CCB-82C4-079B5C27541D}
	EndProjectSection
	ProjectSection(ProjectDependencies) = postProject
		{271C92A3-7E25-4646-B831-8E978A600539} = {271C92A3-7E25-4646-B831-8E978A600539}
	EndProjectSection
	ProjectSection(ProjectDependencies) = postProject
		{67E595A3-842E-4CDF-972F-19B68C0AB828} = {67E595A3-842E-4CDF-972F-19B68C0AB828}
	EndProjectSection
	ProjectSection(ProjectDependencies) = postProject
		{33E412DB-3E03-450E-83ED-FFF12AAEA1BF} = {33E412DB-3E03-450E-83ED-FFF12AAEA1BF}
	EndProjectSection
	ProjectSection(ProjectDependencies) = postProject
		{4FCC371D-6AB5-431D-9B04-CF747094D62C} = {4FCC371D-6AB5-431D-9B04-CF747094D62C}
	EndProjectSection
	ProjectSection(ProjectDependencies) = postProject
		{58DCA591-362A-4A93-A151-7F10AABA090A} = {58DCA591-362A-4A93-A151-7F10AABA090A}
	EndProjectSection
	ProjectSection(ProjectDependencies) = postProject
		{1D8FF8CA-EE04-4633-8EFC-A6B9BA03DDE7} = {1D8FF8CA-EE04-4633-8EFC-A6B9BA03DDE7}
	EndProjectSection
	ProjectSection(ProjectDependencies) = postProject
		{5A6B2D79-9626-41A6-9F4A-058F14D4B8DA} = {5A6B2D79-9626-41A6-9F4A-058F14D4B8DA}
	EndProjectSection
EndProject
Project("{8BC9CEB8-8B4A-11D0-8D11-00A0C91BC942}") = "appwebMonitor", "appweb-windows-default\appwebMonitor.vcxproj", "{9C6A75B5-840B-4598-88D2-103D8AC3B0AE}"
	ProjectSection(ProjectDependencies) = postProject
		{338D922D-6CBD-4BAC-BAD9-0F809BC1D155} = {338D922D-6CBD-4BAC-BAD9-0F809BC1D155}
	EndProjectSection
	ProjectSection(ProjectDependencies) = postProject
		{CA2C70EA-90DD-422A-BBE9-F99122A6F1E9} = {CA2C70EA-90DD-422A-BBE9-F99122A6F1E9}
	EndProjectSection
	ProjectSection(ProjectDependencies) = postProject
		{FE00ACA2-161C-4CCB-82C4-079B5C27541D} = {FE00ACA2-161C-4CCB-82C4-079B5C27541D}
	EndProjectSection
	ProjectSection(ProjectDependencies) = postProject
		{271C92A3-7E25-4646-B831-8E978A600539} = {271C92A3-7E25-4646-B831-8E978A600539}
	EndProjectSection
	ProjectSection(ProjectDependencies) = postProject
		{67E595A3-842E-4CDF-972F-19B68C0AB828} = {67E595A3-842E-4CDF-972F-19B68C0AB828}
	EndProjectSection
	ProjectSection(ProjectDependencies) = postProject
		{33E412DB-3E03-450E-83ED-FFF12AAEA1BF} = {33E412DB-3E03-450E-83ED-FFF12AAEA1BF}
	EndProjectSection
	ProjectSection(ProjectDependencies) = postProject
		{4FCC371D-6AB5-431D-9B04-CF747094D62C} = {4FCC371D-6AB5-431D-9B04-CF747094D62C}
	EndProjectSection
	ProjectSection(ProjectDependencies) = postProject
		{58DCA591-362A-4A93-A151-7F10AABA090A} = {58DCA591-362A-4A93-A151-7F10AABA090A}
	EndProjectSection
	ProjectSection(ProjectDependencies) = postProject
		{1D8FF8CA-EE04-4633-8EFC-A6B9BA03DDE7} = {1D8FF8CA-EE04-4633-8EFC-A6B9BA03DDE7}
	EndProjectSection
	ProjectSection(ProjectDependencies) = postProject
		{9C6A75B5-840B-4598-88D2-103D8AC3B0AE} = {9C6A75B5-840B-4598-88D2-103D8AC3B0AE}
	EndProjectSection
EndProject
Project("{8BC9CEB8-8B4A-11D0-8D11-00A0C91BC942}") = "appwebMonitor.ico", "appweb-windows-default\appwebMonitor.ico.vcxproj", "{FDE82AB4-ACDB-4C8F-A6FF-B597BB3F3C26}"
	ProjectSection(ProjectDependencies) = postProject
		{338D922D-6CBD-4BAC-BAD9-0F809BC1D155} = {338D922D-6CBD-4BAC-BAD9-0F809BC1D155}
	EndProjectSection
	ProjectSection(ProjectDependencies) = postProject
		{FDE82AB4-ACDB-4C8F-A6FF-B597BB3F3C26} = {FDE82AB4-ACDB-4C8F-A6FF-B597BB3F3C26}
	EndProjectSection
EndProject
Project("{8BC9CEB8-8B4A-11D0-8D11-00A0C91BC942}") = "authpass", "appweb-windows-default\authpass.vcxproj", "{0E085BC5-9359-468E-B593-0C062D0FF464}"
	ProjectSection(ProjectDependencies) = postProject
		{338D922D-6CBD-4BAC-BAD9-0F809BC1D155} = {338D922D-6CBD-4BAC-BAD9-0F809BC1D155}
	EndProjectSection
	ProjectSection(ProjectDependencies) = postProject
		{CA2C70EA-90DD-422A-BBE9-F99122A6F1E9} = {CA2C70EA-90DD-422A-BBE9-F99122A6F1E9}
	EndProjectSection
	ProjectSection(ProjectDependencies) = postProject
		{FE00ACA2-161C-4CCB-82C4-079B5C27541D} = {FE00ACA2-161C-4CCB-82C4-079B5C27541D}
	EndProjectSection
	ProjectSection(ProjectDependencies) = postProject
		{271C92A3-7E25-4646-B831-8E978A600539} = {271C92A3-7E25-4646-B831-8E978A600539}
	EndProjectSection
	ProjectSection(ProjectDependencies) = postProject
		{67E595A3-842E-4CDF-972F-19B68C0AB828} = {67E595A3-842E-4CDF-972F-19B68C0AB828}
	EndProjectSection
	ProjectSection(ProjectDependencies) = postProject
		{33E412DB-3E03-450E-83ED-FFF12AAEA1BF} = {33E412DB-3E03-450E-83ED-FFF12AAEA1BF}
	EndProjectSection
	ProjectSection(ProjectDependencies) = postProject
		{4FCC371D-6AB5-431D-9B04-CF747094D62C} = {4FCC371D-6AB5-431D-9B04-CF747094D62C}
	EndProjectSection
	ProjectSection(ProjectDependencies) = postProject
		{58DCA591-362A-4A93-A151-7F10AABA090A} = {58DCA591-362A-4A93-A151-7F10AABA090A}
	EndProjectSection
	ProjectSection(ProjectDependencies) = postProject
		{1D8FF8CA-EE04-4633-8EFC-A6B9BA03DDE7} = {1D8FF8CA-EE04-4633-8EFC-A6B9BA03DDE7}
	EndProjectSection
	ProjectSection(ProjectDependencies) = postProject
		{0E085BC5-9359-468E-B593-0C062D0FF464} = {0E085BC5-9359-468E-B593-0C062D0FF464}
	EndProjectSection
EndProject
Project("{8BC9CEB8-8B4A-11D0-8D11-00A0C91BC942}") = "espcmd", "appweb-windows-default\espcmd.vcxproj", "{09813933-35A2-4A60-9D41-7754163758E6}"
	ProjectSection(ProjectDependencies) = postProject
		{338D922D-6CBD-4BAC-BAD9-0F809BC1D155} = {338D922D-6CBD-4BAC-BAD9-0F809BC1D155}
	EndProjectSection
	ProjectSection(ProjectDependencies) = postProject
		{CA2C70EA-90DD-422A-BBE9-F99122A6F1E9} = {CA2C70EA-90DD-422A-BBE9-F99122A6F1E9}
	EndProjectSection
	ProjectSection(ProjectDependencies) = postProject
		{FE00ACA2-161C-4CCB-82C4-079B5C27541D} = {FE00ACA2-161C-4CCB-82C4-079B5C27541D}
	EndProjectSection
	ProjectSection(ProjectDependencies) = postProject
		{271C92A3-7E25-4646-B831-8E978A600539} = {271C92A3-7E25-4646-B831-8E978A600539}
	EndProjectSection
	ProjectSection(ProjectDependencies) = postProject
		{67E595A3-842E-4CDF-972F-19B68C0AB828} = {67E595A3-842E-4CDF-972F-19B68C0AB828}
	EndProjectSection
	ProjectSection(ProjectDependencies) = postProject
		{33E412DB-3E03-450E-83ED-FFF12AAEA1BF} = {33E412DB-3E03-450E-83ED-FFF12AAEA1BF}
	EndProjectSection
	ProjectSection(ProjectDependencies) = postProject
		{4FCC371D-6AB5-431D-9B04-CF747094D62C} = {4FCC371D-6AB5-431D-9B04-CF747094D62C}
	EndProjectSection
	ProjectSection(ProjectDependencies) = postProject
		{58DCA591-362A-4A93-A151-7F10AABA090A} = {58DCA591-362A-4A93-A151-7F10AABA090A}
	EndProjectSection
	ProjectSection(ProjectDependencies) = postProject
		{09813933-35A2-4A60-9D41-7754163758E6} = {09813933-35A2-4A60-9D41-7754163758E6}
	EndProjectSection
EndProject
Project("{8BC9CEB8-8B4A-11D0-8D11-00A0C91BC942}") = "extras", "appweb-windows-default\extras.vcxproj", "{CD7A596A-8382-43D1-850E-C2E4B66F6F36}"
	ProjectSection(ProjectDependencies) = postProject
		{338D922D-6CBD-4BAC-BAD9-0F809BC1D155} = {338D922D-6CBD-4BAC-BAD9-0F809BC1D155}
	EndProjectSection
	ProjectSection(ProjectDependencies) = postProject
		{CD7A596A-8382-43D1-850E-C2E4B66F6F36} = {CD7A596A-8382-43D1-850E-C2E4B66F6F36}
	EndProjectSection
EndProject
Project("{8BC9CEB8-8B4A-11D0-8D11-00A0C91BC942}") = "httpcmd", "appweb-windows-default\httpcmd.vcxproj", "{C8CEB324-34BA-484E-968C-C26A21BBF39A}"
	ProjectSection(ProjectDependencies) = postProject
		{338D922D-6CBD-4BAC-BAD9-0F809BC1D155} = {338D922D-6CBD-4BAC-BAD9-0F809BC1D155}
	EndProjectSection
	ProjectSection(ProjectDependencies) = postProject
		{CA2C70EA-90DD-422A-BBE9-F99122A6F1E9} = {CA2C70EA-90DD-422A-BBE9-F99122A6F1E9}
	EndProjectSection
	ProjectSection(ProjectDependencies) = postProject
		{FE00ACA2-161C-4CCB-82C4-079B5C27541D} = {FE00ACA2-161C-4CCB-82C4-079B5C27541D}
	EndProjectSection
	ProjectSection(ProjectDependencies) = postProject
		{271C92A3-7E25-4646-B831-8E978A600539} = {271C92A3-7E25-4646-B831-8E978A600539}
	EndProjectSection
	ProjectSection(ProjectDependencies) = postProject
		{67E595A3-842E-4CDF-972F-19B68C0AB828} = {67E595A3-842E-4CDF-972F-19B68C0AB828}
	EndProjectSection
	ProjectSection(ProjectDependencies) = postProject
		{33E412DB-3E03-450E-83ED-FFF12AAEA1BF} = {33E412DB-3E03-450E-83ED-FFF12AAEA1BF}
	EndProjectSection
	ProjectSection(ProjectDependencies) = postProject
		{C8CEB324-34BA-484E-968C-C26A21BBF39A} = {C8CEB324-34BA-484E-968C-C26A21BBF39A}
	EndProjectSection
EndProject
Project("{8BC9CEB8-8B4A-11D0-8D11-00A0C91BC942}") = "install-certs", "appweb-windows-default\install-certs.vcxproj", "{1115BD34-7036-4D80-B827-B963390D9EBB}"
	ProjectSection(ProjectDependencies) = postProject
		{338D922D-6CBD-4BAC-BAD9-0F809BC1D155} = {338D922D-6CBD-4BAC-BAD9-0F809BC1D155}
	EndProjectSection
	ProjectSection(ProjectDependencies) = postProject
		{1115BD34-7036-4D80-B827-B963390D9EBB} = {1115BD34-7036-4D80-B827-B963390D9EBB}
	EndProjectSection
EndProject
Project("{8BC9CEB8-8B4A-11D0-8D11-00A0C91BC942}") = "libmbedtls", "appweb-windows-default\libmbedtls.vcxproj", "{CA2C70EA-90DD-422A-BBE9-F99122A6F1E9}"
	ProjectSection(ProjectDependencies) = postProject
		{338D922D-6CBD-4BAC-BAD9-0F809BC1D155} = {338D922D-6CBD-4BAC-BAD9-0F809BC1D155}
	EndProjectSection
	ProjectSection(ProjectDependencies) = postProject
		{CA2C70EA-90DD-422A-BBE9-F99122A6F1E9} = {CA2C70EA-90DD-422A-BBE9-F99122A6F1E9}
	EndProjectSection
EndProject
Project("{8BC9CEB8-8B4A-11D0-8D11-00A0C91BC942}") = "libmpr-mbedtls", "appweb-windows-default\libmpr-mbedtls.vcxproj", "{FE00ACA2-161C-4CCB-82C4-079B5C27541D}"
	ProjectSection(ProjectDependencies) = postProject
		{338D922D-6CBD-4BAC-BAD9-0F809BC1D155} = {338D922D-6CBD-4BAC-BAD9-0F809BC1D155}
	EndProjectSection
	ProjectSection(ProjectDependencies) = postProject
		{CA2C70EA-90DD-422A-BBE9-F99122A6F1E9} = {CA2C70EA-90DD-422A-BBE9-F99122A6F1E9}
	EndProjectSection
	ProjectSection(ProjectDependencies) = postProject
		{FE00ACA2-161C-4CCB-82C4-079B5C27541D} = {FE00ACA2-161C-4CCB-82C4-079B5C27541D}
	EndProjectSection
EndProject
Project("{8BC9CEB8-8B4A-11D0-8D11-00A0C91BC942}") = "makerom", "appweb-windows-default\makerom.vcxproj", "{497E47D4-FF80-4C24-B2EE-BDB6F5780A55}"
	ProjectSection(ProjectDependencies) = postProject
		{338D922D-6CBD-4BAC-BAD9-0F809BC1D155} = {338D922D-6CBD-4BAC-BAD9-0F809BC1D155}
	EndProjectSection
	ProjectSection(ProjectDependencies) = postProject
		{CA2C70EA-90DD-422A-BBE9-F99122A6F1E9} = {CA2C70EA-90DD-422A-BBE9-F99122A6F1E9}
	EndProjectSection
	ProjectSection(ProjectDependencies) = postProject
		{FE00ACA2-161C-4CCB-82C4-079B5C27541D} = {FE00ACA2-161C-4CCB-82C4-079B5C27541D}
	EndProjectSection
	ProjectSection(ProjectDependencies) = postProject
		{271C92A3-7E25-4646-B831-8E978A600539} = {271C92A3-7E25-4646-B831-8E978A600539}
	EndProjectSection
	ProjectSection(ProjectDependencies) = postProject
		{497E47D4-FF80-4C24-B2EE-BDB6F5780A55} = {497E47D4-FF80-4C24-B2EE-BDB6F5780A55}
	EndProjectSection
EndProject
Project("{8BC9CEB8-8B4A-11D0-8D11-00A0C91BC942}") = "server-cache", "appweb-windows-default\server-cache.vcxproj", "{5CAFCAC9-13BC-41BD-9778-064EA70A147C}"
	ProjectSection(ProjectDependencies) = postProject
		{338D922D-6CBD-4BAC-BAD9-0F809BC1D155} = {338D922D-6CBD-4BAC-BAD9-0F809BC1D155}
	EndProjectSection
	ProjectSection(ProjectDependencies) = postProject
		{5CAFCAC9-13BC-41BD-9778-064EA70A147C} = {5CAFCAC9-13BC-41BD-9778-064EA70A147C}
	EndProjectSection
EndProject
Project("{8BC9CEB8-8B4A-11D0-8D11-00A0C91BC942}") = "watchdog", "appweb-windows-default\watchdog.vcxproj", "{42AD5811-1D21-4CC4-9FAF-8CE91774094D}"
	ProjectSection(ProjectDependencies) = postProject
		{338D922D-6CBD-4BAC-BAD9-0F809BC1D155} = {338D922D-6CBD-4BAC-BAD9-0F809BC1D155}
	EndProjectSection
	ProjectSection(ProjectDependencies) = postProject
		{CA2C70EA-90DD-422A-BBE9-F99122A6F1E9} = {CA2C70EA-90DD-422A-BBE9-F99122A6F1E9}
	EndProjectSection
	ProjectSection(ProjectDependencies) = postProject
		{FE00ACA2-161C-4CCB-82C4-079B5C27541D} = {FE00ACA2-161C-4CCB-82C4-079B5C27541D}
	EndProjectSection
	ProjectSection(ProjectDependencies) = postProject
		{271C92A3-7E25-4646-B831-8E978A600539} = {271C92A3-7E25-4646-B831-8E978A600539}
	EndProjectSection
	ProjectSection(ProjectDependencies) = postProject
		{42AD5811-1D21-4CC4-9FAF-8CE91774094D} = {42AD5811-1D21-4CC4-9FAF-8CE91774094D}
	EndProjectSection
EndProject

    Global
        GlobalSection(SolutionConfigurationPlatforms) = preSolution
            Debug|Win32 = Debug|Win32
            Debug|x64 = Debug|x64
            Release|Win32 = Release|Win32
            Release|x64 = Release|x64
        EndGlobalSection
        GlobalSection(ProjectConfigurationPlatforms) = postSolution
{338D922D-6CBD-4BAC-BAD9-0F809BC1D155}.Debug|Win32.ActiveCfg = Debug|Win32
{338D922D-6CBD-4BAC-BAD9-0F809BC1D155}.Debug|Win32.Build.0 = Debug|Win32
{338D922D-6CBD-4BAC-BAD9-0F809BC1D155}.Debug|x64.ActiveCfg = Debug|x64
{338D922D-6CBD-4BAC-BAD9-0F809BC1D155}.Debug|x64.Build.0 = Debug|x64
{338D922D-6CBD-4BAC-BAD9-0F809BC1D155}.Release|Win32.ActiveCfg = Release|Win32
{338D922D-6CBD-4BAC-BAD9-0F809BC1D155}.Release|Win32.Build.0 = Release|Win32
{338D922D-6CBD-4BAC-BAD9-0F809BC1D155}.Release|x64.ActiveCfg = Release|x64
{338D922D-6CBD-4BAC-BAD9-0F809BC1D155}.Release|x64.Build.0 = Release|x64
{271C92A3-7E25-4646-B831-8E978A600539}.Debug|Win32.ActiveCfg = Debug|Win32
{271C92A3-7E25-4646-B831-8E978A600539}.Debug|Win32.Build.0 = Debug|Win32
{271C92A3-7E25-4646-B831-8E978A600539}.Debug|x64.ActiveCfg = Debug|x64
{271C92A3-7E25-4646-B831-8E978A600539}.Debug|x64.Build.0 = Debug|x64
{271C92A3-7E25-4646-B831-8E978A600539}.Release|Win32.ActiveCfg = Release|Win32
{271C92A3-7E25-4646-B831-8E978A600539}.Release|Win32.Build.0 = Release|Win32
{271C92A3-7E25-4646-B831-8E978A600539}.Release|x64.ActiveCfg = Release|x64
{271C92A3-7E25-4646-B831-8E978A600539}.Release|x64.Build.0 = Release|x64
{67E595A3-842E-4CDF-972F-19B68C0AB828}.Debug|Win32.ActiveCfg = Debug|Win32
{67E595A3-842E-4CDF-972F-19B68C0AB828}.Debug|Win32.Build.0 = Debug|Win32
{67E595A3-842E-4CDF-972F-19B68C0AB828}.Debug|x64.ActiveCfg = Debug|x64
{67E595A3-842E-4CDF-972F-19B68C0AB828}.Debug|x64.Build.0 = Debug|x64
{67E595A3-842E-4CDF-972F-19B68C0AB828}.Release|Win32.ActiveCfg = Release|Win32
{67E595A3-842E-4CDF-972F-19B68C0AB828}.Release|Win32.Build.0 = Release|Win32
{67E595A3-842E-4CDF-972F-19B68C0AB828}.Release|x64.ActiveCfg = Release|x64
{67E595A3-842E-4CDF-972F-19B68C0AB828}.Release|x64.Build.0 = Release|x64
{33E412DB-3E03-450E-83ED-FFF12AAEA1BF}.Debug|Win32.ActiveCfg = Debug|Win32
{33E412DB-3E03-450E-83ED-FFF12AAEA1BF}.Debug|Win32.Build.0 = Debug|Win32
{33E412DB-3E03-450E-83ED-FFF12AAEA1BF}.Debug|x64.ActiveCfg = Debug|x64
{33E412DB-3E03-450E-83ED-FFF12AAEA1BF}.Debug|x64.Build.0 = Debug|x64
{33E412DB-3E03-450E-83ED-FFF12AAEA1BF}.Release|Win32.ActiveCfg = Release|Win32
{33E412DB-3E03-450E-83ED-FFF12AAEA1BF}.Release|Win32.Build.0 = Release|Win32
{33E412DB-3E03-450E-83ED-FFF12AAEA1BF}.Release|x64.ActiveCfg = Release|x64
{33E412DB-3E03-450E-83ED-FFF12AAEA1BF}.Release|x64.Build.0 = Release|x64
{4FCC371D-6AB5-431D-9B04-CF747094D62C}.Debug|Win32.ActiveCfg = Debug|Win32
{4FCC371D-6AB5-431D-9B04-CF747094D62C}.Debug|Win32.Build.0 = Debug|Win32
{4FCC371D-6AB5-431D-9B04-CF747094D62C}.Debug|x64.ActiveCfg = Debug|x64
{4FCC371D-6AB5-431D-9B04-CF747094D62C}.Debug|x64.Build.0 = Debug|x64
{4FCC371D-6AB5-431D-9B04-CF747094D62C}.Release|Win32.ActiveCfg = Release|Win32
{4FCC371D-6AB5-431D-9B04-CF747094D62C}.Release|Win32.Build.0 = Release|Win32
{4FCC371D-6AB5-431D-9B04-CF747094D62C}.Release|x64.ActiveCfg = Release|x64
{4FCC371D-6AB5-431D-9B04-CF747094D62C}.Release|x64.Build.0 = Release|x64
{58DCA591-362A-4A93-A151-7F10AABA090A}.Debug|Win32.ActiveCfg = Debug|Win32
{58DCA591-362A-4A93-A151-7F10AABA090A}.Debug|Win32.Build.0 = Debug|Win32
{58DCA591-362A-4A93-A151-7F10AABA090A}.Debug|x64.ActiveCfg = Debug|x64
{58DCA591-362A-4A93-A151-7F10AABA090A}.Debug|x64.Build.0 = Debug|x64
{58DCA591-362A-4A93-A151-7F10AABA090A}.Release|Win32.ActiveCfg = Release|Win32
{58DCA591-362A-4A93-A151-7F10AABA090A}.Release|Win32.Build.0 = Release|Win32
{58DCA591-362A-4A93-A151-7F10AABA090A}.Release|x64.ActiveCfg = Release|x64
{58DCA591-362A-4A93-A151-7F10AABA090A}.Release|x64.Build.0 = Release|x64
{1D8FF8CA-EE04-4633-8EFC-A6B9BA03DDE7}.Debug|Win32.ActiveCfg = Debug|Win32
{1D8FF8CA-EE04-4633-8EFC-A6B9BA03DDE7}.Debug|Win32.Build.0 = Debug|Win32
{1D8FF8CA-EE04-4633-8EFC-A6B9BA03DDE7}.Debug|x64.ActiveCfg = Debug|x64
{1D8FF8CA-EE04-4633-8EFC-A6B9BA03DDE7}.Debug|x64.Build.0 = Debug|x64
{1D8FF8CA-EE04-4633-8EFC-A6B9BA03DDE7}.Release|Win32.ActiveCfg = Release|Win32
{1D8FF8CA-EE04-4633-8EFC-A6B9BA03DDE7}.Release|Win32.Build.0 = Release|Win32
{1D8FF8CA-EE04-4633-8EFC-A6B9BA03DDE7}.Release|x64.ActiveCfg = Release|x64
{1D8FF8CA-EE04-4633-8EFC-A6B9BA03DDE7}.Release|x64.Build.0 = Release|x64
{5A6B2D79-9626-41A6-9F4A-058F14D4B8DA}.Debug|Win32.ActiveCfg = Debug|Win32
{5A6B2D79-9626-41A6-9F4A-058F14D4B8DA}.Debug|Win32.Build.0 = Debug|Win32
{5A6B2D79-9626-41A6-9F4A-058F14D4B8DA}.Debug|x64.ActiveCfg = Debug|x64
{5A6B2D79-9626-41A6-9F4A-058F14D4B8DA}.Debug|x64.Build.0 = Debug|x64
{5A6B2D79-9626-41A6-9F4A-058F14D4B8DA}.Release|Win32.ActiveCfg = Release|Win32
{5A6B2D79-9626-41A6-9F4A-058F14D4B8DA}.Release|Win32.Build.0 = Release|Win32
{5A6B2D79-9626-41A6-9F4A-058F14D4B8DA}.Release|x64.ActiveCfg = Release|x64
{5A6B2D79-9626-41A6-9F4A-058F14D4B8DA}.Release|x64.Build.0 = Release|x64
{9C6A75B5-840B-4598-88D2-103D8AC3B0AE}.Debug|Win32.ActiveCfg = Debug|Win32
{9C6A75B5-840B-4598-88D2-103D8AC3B0AE}.Debug|Win32.Build.0 = Debug|Win32
{9C6A75B5-840B-4598-88D2-103D8AC3B0AE}.Debug|x64.ActiveCfg = Debug|x64
{9C6A75B5-840B-4598-88D2-103D8AC3B0AE}.Debug|x64.Build.0 = Debug|x64
{9C6A75B5-840B-4598-88D2-103D8AC3B0AE}.Release|Win32.ActiveCfg = Release|Win32
{9C6A75B5-840B-4598-88D2-103D8AC3B0AE}.Release|Win32.Build.0 = Release|Win32
{9C6A75B5-840B-4598-88D2-103D8AC3B0AE}.Release|x64.ActiveCfg = Release|x64
{9C6A75B5-840B-4598-88D2-103D8AC3B0AE}.Release|x64.Build.0 = Release|x64
{FDE82AB4-ACDB-4C8F-A6FF-B597BB3F3C26}.Debug|Win32.ActiveCfg = Debug|Win32
{FDE82AB4-ACDB-4C8F-A6FF-B597BB3F3C26}.Debug|Win32.Build.0 = Debug|Win32
{FDE82AB4-ACDB-4C8F-A6FF-B597BB3F3C26}.Debug|x64.ActiveCfg = Debug|x64
{FDE82AB4-ACDB-4C8F-A6FF-B597BB3F3C26}.Debug|x64.Build.0 = Debug|x64
{FDE82AB4-ACDB-4C8F-A6FF-B597BB3F3C26}.Release|Win32.ActiveCfg = Release|Win32
{FDE82AB4-ACDB-4C8F-A6FF-B597BB3F3C26}.Release|Win32.Build.0 = Release|Win32
{FDE82AB4-ACDB-4C8F-A6FF-B597BB3F3C26}.Release|x64.ActiveCfg = Release|x64
{FDE82AB4-ACDB-4C8F-A6FF-B597BB3F3C26}.Release|x64.Build.0 = Release|x64
{0E085BC5-9359-468E-B593-0C062D0FF464}.Debug|Win32.ActiveCfg = Debug|Win32
{0E085BC5-9359-468E-B593-0C062D0FF464}.Debug|Win32.Build.0 = Debug|Win32
{0E085BC5-9359-468E-B593-0C062D0FF464}.Debug|x64.ActiveCfg = Debug|x64
{0E085BC5-9359-468E-B593-0C062D0FF464}.Debug|x64.Build.0 = Debug|x64
{0E085BC5-9359-468E-B593-0C062D0FF464}.Release|Win32.ActiveCfg = Release|Win32
{0E085BC5-9359-468E-B593-0C062D0FF464}.Release|Win32.Build.0 = Release|Win32
{0E085BC5-9359-468E-B593-0C062D0FF464}.Release|x64.ActiveCfg = Release|x64
{0E085BC5-9359-468E-B593-0C062D0FF464}.Release|x64.Build.0 = Release|x64
{09813933-35A2-4A60-9D41-7754163758E6}.Debug|Win32.ActiveCfg = Debug|Win32
{09813933-35A2-4A60-9D41-7754163758E6}.Debug|Win32.Build.0 = Debug|Win32
{09813933-35A2-4A60-9D41-7754163758E6}.Debug|x64.ActiveCfg = Debug|x64
{09813933-35A2-4A60-9D41-7754163758E6}.Debug|x64.Build.0 = Debug|x64
{09813933-35A2-4A60-9D41-7754163758E6}.Release|Win32.ActiveCfg = Release|Win32
{09813933-35A2-4A60-9D41-7754163758E6}.Release|Win32.Build.0 = Release|Win32
{09813933-35A2-4A60-9D41-7754163758E6}.Release|x64.ActiveCfg = Release|x64
{09813933-35A2-4A60-9D41-7754163758E6}.Release|x64.Build.0 = Release|x64
{CD7A596A-8382-43D1-850E-C2E4B66F6F36}.Debug|Win32.ActiveCfg = Debug|Win32
{CD7A596A-8382-43D1-850E-C2E4B66F6F36}.Debug|Win32.Build.0 = Debug|Win32
{CD7A596A-8382-43D1-850E-C2E4B66F6F36}.Debug|x64.ActiveCfg = Debug|x64
{CD7A596A-8382-43D1-850E-C2E4B66F6F36}.Debug|x64.Build.0 = Debug|x64
{CD7A596A-8382-43D1-850E-C2E4B66F6F36}.Release|Win32.ActiveCfg = Release|Win32
{CD7A596A-8382-43D1-850E-C2E4B66F6F36}.Release|Win32.Build.0 = Release|Win32
{CD7A596A-8382-43D1-850E-C2E4B66F6F36}.Release|x64.ActiveCfg = Release|x64
{CD7A596A-8382-43D1-850E-C2E4B66F6F36}.Release|x64.Build.0 = Release|x64
{C8CEB324-34BA-484E-968C-C26A21BBF39A}.Debug|Win32.ActiveCfg = Debug|Win32
{C8CEB324-34BA-484E-968C-C26A21BBF39A}.Debug|Win32.Build.0 = Debug|Win32
{C8CEB324-34BA-484E-968C-C26A21BBF39A}.Debug|x64.ActiveCfg = Debug|x64
{C8CEB324-34BA-484E-968C-C26A21BBF39A}.Debug|x64.Build.0 = Debug|x64
{C8CEB324-34BA-484E-968C-C26A21BBF39A}.Release|Win32.ActiveCfg = Release|Win32
{C8CEB324-34BA-484E-968C-C26A21BBF39A}.Release|Win32.Build.0 = Release|Win32
{C8CEB324-34BA-484E-968C-C26A21BBF39A}.Release|x64.ActiveCfg = Release|x64
{C8CEB324-34BA-484E-968C-C26A21BBF39A}.Release|x64.Build.0 = Release|x64
{1115BD34-7036-4D80-B827-B963390D9EBB}.Debug|Win32.ActiveCfg = Debug|Win32
{1115BD34-7036-4D80-B827-B963390D9EBB}.Debug|Win32.Build.0 = Debug|Win32
{1115BD34-7036-4D80-B827-B963390D9EBB}.Debug|x64.ActiveCfg = Debug|x64
{1115BD34-7036-4D80-B827-B963390D9EBB}.Debug|x64.Build.0 = Debug|x64
{1115BD34-7036-4D80-B827-B963390D9EBB}.Release|Win32.ActiveCfg = Release|Win32
{1115BD34-7036-4D80-B827-B963390D9EBB}.Release|Win32.Build.0 = Release|Win32
{1115BD34-7036-4D80-B827-B963390D9EBB}.Release|x64.ActiveCfg = Release|x64
{1115BD34-7036-4D80-B827-B963390D9EBB}.Release|x64.Build.0 = Release|x64
{CA2C70EA-90DD-422A-BBE9-F99122A6F1E9}.Debug|Win32.ActiveCfg = Debug|Win32
{CA2C70EA-90DD-422A-BBE9-F99122A6F1E9}.Debug|Win32.Build.0 = Debug|Win32
{CA2C70EA-90DD-422A-BBE9-F99122A6F1E9}.Debug|x64.ActiveCfg = Debug|x64
{CA2C70EA-90DD-422A-BBE9-F99122A6F1E9}.Debug|x64.Build.0 = Debug|x64
{CA2C70EA-90DD-422A-BBE9-F99122A6F1E9}.Release|Win32.ActiveCfg = Release|Win32
{CA2C70EA-90DD-422A-BBE9-F99122A6F1E9}.Release|Win32.Build.0 = Release|Win32
{CA2C70EA-90DD-422A-BBE9-F99122A6F1E9}.Release|x64.ActiveCfg = Release|x64
{CA2C70EA-90DD-422A-BBE9-F99122A6F1E9}.Release|x64.Build.0 = Release|x64
{FE00ACA2-161C-4CCB-82C4-079B5C27541D}.Debug|Win32.ActiveCfg = Debug|Win32
{FE00ACA2-161C-4CCB-82C4-079B5C27541D}.Debug|Win32.Build.0 = Debug|Win32
{FE00ACA2-161C-4CCB-82C4-079B5C27541D}.Debug|x64.ActiveCfg = Debug|x64
{FE00ACA2-161C-4CCB-82C4-079B5C27541D}.Debug|x64.Build.0 = Debug|x64
{FE00ACA2-161C-4CCB-82C4-079B5C27541D}.Release|Win32.ActiveCfg = Release|Win32
{FE00ACA2-161C-4CCB-82C4-079B5C27541D}.Release|Win32.Build.0 = Release|Win32
{FE00ACA2-161C-4CCB-82C4-079B5C27541D}.Release|x64.ActiveCfg = Release|x64
{FE00ACA2-161C-4CCB-82C4-079B5C27541D}.Release|x64.Build.0 = Release|x64
{497E47D4-FF80-4C24-B2EE-BDB6F5780A55}.Debug|Win32.ActiveCfg = Debug|Win32
{497E47D4-FF80-4C24-B2EE-BDB6F5780A55}.Debug|Win32.Build.0 = Debug|Win32
{497E47D4-FF80-4C24-B2EE-BDB6F5780A55}.Debug|x64.ActiveCfg = Debug|x64
{497E47D4-FF80-4C24-B2EE-BDB6F5780A55}.Debug|x64.Build.0 = Debug|x64
{497E47D4-FF80-4C24-B2EE-BDB6F5780A55}.Release|Win32.ActiveCfg = Release|Win32
{497E47D4-FF80-4C24-B2EE-BDB6F5780A55}.Release|Win32.Build.0 = Release|Win32
{497E47D4-FF80-4C24-B2EE-BDB6F5780A55}.Release|x64.ActiveCfg = Release|x64
{497E47D4-FF80-4C24-B2EE-BDB6F5780A55}.Release|x64.Build.0 = Release|x64
{5CAFCAC9-13BC-41BD-9778-064EA70A147C}.Debug|Win32.ActiveCfg = Debug|Win32
{5CAFCAC9-13BC-41BD-9778-064EA70A147C}.Debug|Win32.Build.0 = Debug|Win32
{5CAFCAC9-13BC-41BD-9778-064EA70A147C}.Debug|x64.ActiveCfg = Debug|x64
{5CAFCAC9-13BC-41BD-9778-064EA70A147C}.Debug|x64.Build.0 = Debug|x64
{5CAFCAC9-13BC-41BD-9778-064EA70A147C}.Release|Win32.ActiveCfg = Release|Win32
{5CAFCAC9-13BC-41BD-9778-064EA70A147C}.Release|Win32.Build.0 = Release|Win32
{5CAFCAC9-13BC-41BD-9778-064EA70A147C}.Release|x64.ActiveCfg = Release|x64
{5CAFCAC9-13BC-41BD-9778-064EA70A147C}.Release|x64.Build.0 = Release|x64
{42AD5811-1D21-4CC4-9FAF-8CE91774094D}.Debug|Win32.ActiveCfg = Debug|Win32
{42AD5811-1D21-4CC4-9FAF-8CE91774094D}.Debug|Win32.Build.0 = Debug|Win32
{42AD5811-1D21-4CC4-9FAF-8CE91774094D}.Debug|x64.ActiveCfg = Debug|x64
{42AD5811-1D21-4CC4-9FAF-8CE91774094D}.Debug|x64.Build.0 = Debug|x64
{42AD5811-1D21-4CC4-9FAF-8CE91774094D}.Release|Win32.ActiveCfg = Release|Win32
{42AD5811-1D21-4CC4-9FAF-8CE91774094D}.Release|Win32.Build.0 = Release|Win32
{42AD5811-1D21-4CC4-9FAF-8CE91774094D}.Release|x64.ActiveCfg = Release|x64
{42AD5811-1D21-4CC4-9FAF-8CE91774094D}.Release|x64.Build.0 = Release|x64
EndGlobalSection

      GlobalSection(SolutionProperties) = preSolution
        HideSolutionNode = FALSE
      EndGlobalSection
    EndGlobal
